<?xml version="1.0" encoding="utf-8"?>
<Project ToolsVersion="4.0" xmlns="http://schemas.microsoft.com/developer/msbuild/2003">
  <ItemGroup>
    <Filter Include="Source Files">
      <UniqueIdentifier>{4FC737F1-C7A5-4376-A066-2A32D752A2FF}</UniqueIdentifier>
      <Extensions>cpp;c;cc;cxx;def;odl;idl;hpj;bat;asm;asmx</Extensions>
    </Filter>
    <Filter Include="Header Files">
      <UniqueIdentifier>{93995380-89BD-4b04-88EB-625FBE52EBFB}</UniqueIdentifier>
      <Extensions>h;hh;hpp;hxx;hm;inl;inc;ipp;xsd</Extensions>
    </Filter>
    <Filter Include="Resource Files">
      <UniqueIdentifier>{67DA6AB6-F800-4c08-8B7A-83BB121AAD01}</UniqueIdentifier>
      <Extensions>rc;ico;cur;bmp;dlg;rc2;rct;bin;rgs;gif;jpg;jpeg;jpe;resx;tiff;tif;png;wav;mfcribbon-ms</Extensions>
    </Filter>
  </ItemGroup>
  <ItemGroup>
    <ClCompile Include="buttons.cc">
      <Filter>Source Files</Filter>
    </ClCompile>
    <ClCompile Include="game.cc">
      <Filter>Source Files</Filter>
    </ClCompile>
    <ClCompile Include="geometry.cc">
      <Filter>Source Files</Filter>
    </ClCompile>
    <ClCompile Include="hero.cc">
      <Filter>Source Files</Filter>
    </ClCompile>
    <ClCompile Include="particle.cc">
      <Filter>Source Files</Filter>
    </ClCompile>
    <ClCompile Include="sprite.cc">
      <Filter>Source Files</Filter>
    </ClCompile>
    <ClCompile Include="tilemap.cc">
      <Filter>Source Files</Filter>
    </ClCompile>
    <ClCompile Include="main.cc">
      <Filter>Source Files</Filter>
    </ClCompile>
    <ClCompile Include="animation.cc">
      <Filter>Source Files</Filter>
    </ClCompile>
    <ClCompile Include="csvread.cc">
      <Filter>Source Files</Filter>
    </ClCompile>
    <ClCompile Include="camera.cc">
      <Filter>Source Files</Filter>
    </ClCompile>
    <ClCompile Include="path.cc">
      <Filter>Source Files</Filter>
    </ClCompile>
    <ClCompile Include="monster.cc">
      <Filter>Source Files</Filter>
    </ClCompile>
    <ClCompile Include="level.cc">
      <Filter>Source Files</Filter>
    </ClCompile>
    <ClCompile Include="tower.cc">
      <Filter>Source Files</Filter>
    </ClCompile>
    <ClCompile Include="transform.cc">
      <Filter>Source Files</Filter>
    </ClCompile>
    <ClCompile Include="drawable.cc">
      <Filter>Source Files</Filter>
    </ClCompile>
  </ItemGroup>
  <ItemGroup>
    <ClInclude Include="buttons.h">
      <Filter>Header Files</Filter>
    </ClInclude>
    <ClInclude Include="event.h">
      <Filter>Header Files</Filter>
    </ClInclude>
    <ClInclude Include="game.h">
      <Filter>Header Files</Filter>
    </ClInclude>
    <ClInclude Include="geometry.h">
      <Filter>Header Files</Filter>
    </ClInclude>
    <ClInclude Include="hero.h">
      <Filter>Header Files</Filter>
    </ClInclude>
    <ClInclude Include="log.h">
      <Filter>Header Files</Filter>
    </ClInclude>
    <ClInclude Include="particle.h">
      <Filter>Header Files</Filter>
    </ClInclude>
    <ClInclude Include="sprite.h">
      <Filter>Header Files</Filter>
    </ClInclude>
    <ClInclude Include="tilemap.h">
      <Filter>Header Files</Filter>
    </ClInclude>
    <ClInclude Include="animation.h">
      <Filter>Header Files</Filter>
    </ClInclude>
    <ClInclude Include="csvread.h">
      <Filter>Header Files</Filter>
    </ClInclude>
    <ClInclude Include="camera.h">
      <Filter>Header Files</Filter>
    </ClInclude>
    <ClInclude Include="path.h">
      <Filter>Header Files</Filter>
    </ClInclude>
    <ClInclude Include="monster.h">
      <Filter>Header Files</Filter>
    </ClInclude>
    <ClInclude Include="level.h">
      <Filter>Header Files</Filter>
    </ClInclude>
    <ClInclude Include="tower.h">
      <Filter>Header Files</Filter>
    </ClInclude>
    <ClInclude Include="transform.h">
      <Filter>Header Files</Filter>
    </ClInclude>
    <ClInclude Include="drawable.h">
      <Filter>Header Files</Filter>
    </ClInclude>
  </ItemGroup>
  <ItemGroup>
    <Image Include="asset_dir\collision.png">
      <Filter>Resource Files</Filter>
    </Image>
    <Image Include="asset_dir\overlay.png">
      <Filter>Resource Files</Filter>
    </Image>
    <Image Include="asset_dir\tiles.png">
      <Filter>Resource Files</Filter>
    </Image>
    <Image Include="asset_dir\ghosty.png">
      <Filter>Resource Files</Filter>
    </Image>
  </ItemGroup>
  <ItemGroup>
    <None Include="asset_dir\collision.tsx">
      <Filter>Resource Files</Filter>
    </None>
    <None Include="asset_dir\tiles.tsx">
      <Filter>Resource Files</Filter>
    </None>
    <None Include="asset_dir\test.anim">
      <Filter>Resource Files</Filter>
    </None>
    <None Include="asset_dir\ghosty_left.anim">
      <Filter>Resource Files</Filter>
    </None>
    <None Include="asset_dir\ghosty_right.anim">
      <Filter>Resource Files</Filter>
    </None>
    <None Include="asset_dir\level.csv">
      <Filter>Resource Files</Filter>
    </None>
    <None Include="asset_dir\test.tmx">
      <Filter>Resource Files</Filter>
    </None>
    <None Include="asset_dir\test_back.csv">
      <Filter>Resource Files</Filter>
    </None>
    <None Include="asset_dir\test_collision.csv">
      <Filter>Resource Files</Filter>
    </None>
    <None Include="asset_dir\test_front.csv">
      <Filter>Resource Files</Filter>
    </None>
    <None Include="asset_dir\ghosty_down.anim">
      <Filter>Resource Files</Filter>
    </None>
    <None Include="asset_dir\ghosty_up.anim">
      <Filter>Resource Files</Filter>
    </None>
    <None Include="asset_dir\monster.csv">
      <Filter>Resource Files</Filter>
    </None>
  </ItemGroup>
  <ItemGroup>
    <Media Include="asset_dir\hurt.wav">
      <Filter>Resource Files</Filter>
    </Media>
    <Media Include="asset_dir\jump.wav">
      <Filter>Resource Files</Filter>
    </Media>
  </ItemGroup>
</Project>